// !$*UTF8*$!
{
	archiveVersion = 1;
	classes = {
	};
	objectVersion = 50;
	objects = {

/* Begin PBXBuildFile section */
		1D786B6D24652D51005B924B /* AppDelegate.swift in Sources */ = {isa = PBXBuildFile; fileRef = 1D786B6C24652D51005B924B /* AppDelegate.swift */; };
		1D786B6F24652D51005B924B /* SceneDelegate.swift in Sources */ = {isa = PBXBuildFile; fileRef = 1D786B6E24652D51005B924B /* SceneDelegate.swift */; };
		1D786B7124652D51005B924B /* ContentView.swift in Sources */ = {isa = PBXBuildFile; fileRef = 1D786B7024652D51005B924B /* ContentView.swift */; };
		1D786B7324652D53005B924B /* Assets.xcassets in Resources */ = {isa = PBXBuildFile; fileRef = 1D786B7224652D53005B924B /* Assets.xcassets */; };
		1D786B7624652D53005B924B /* Preview Assets.xcassets in Resources */ = {isa = PBXBuildFile; fileRef = 1D786B7524652D53005B924B /* Preview Assets.xcassets */; };
		1D786B7924652D53005B924B /* LaunchScreen.storyboard in Resources */ = {isa = PBXBuildFile; fileRef = 1D786B7724652D53005B924B /* LaunchScreen.storyboard */; };
		1D786B8124652D72005B924B /* UserDrivenNavigation.swift in Sources */ = {isa = PBXBuildFile; fileRef = 1D786B8024652D72005B924B /* UserDrivenNavigation.swift */; };
		1D786B8324652DB0005B924B /* Item.swift in Sources */ = {isa = PBXBuildFile; fileRef = 1D786B8224652DAF005B924B /* Item.swift */; };
		1D786B8524652DEC005B924B /* DetailView.swift in Sources */ = {isa = PBXBuildFile; fileRef = 1D786B8424652DEC005B924B /* DetailView.swift */; };
		1D786B8724652E8A005B924B /* ProgrammaticNavigation.swift in Sources */ = {isa = PBXBuildFile; fileRef = 1D786B8624652E8A005B924B /* ProgrammaticNavigation.swift */; };
		1D786B8924652EF1005B924B /* NoSelectionView.swift in Sources */ = {isa = PBXBuildFile; fileRef = 1D786B8824652EF1005B924B /* NoSelectionView.swift */; };
/* End PBXBuildFile section */

/* Begin PBXFileReference section */
		1D786B6924652D51005B924B /* NavigationInListView.app */ = {isa = PBXFileReference; explicitFileType = wrapper.application; includeInIndex = 0; path = NavigationInListView.app; sourceTree = BUILT_PRODUCTS_DIR; };
		1D786B6C24652D51005B924B /* AppDelegate.swift */ = {isa = PBXFileReference; lastKnownFileType = sourcecode.swift; path = AppDelegate.swift; sourceTree = "<group>"; };
		1D786B6E24652D51005B924B /* SceneDelegate.swift */ = {isa = PBXFileReference; lastKnownFileType = sourcecode.swift; path = SceneDelegate.swift; sourceTree = "<group>"; };
		1D786B7024652D51005B924B /* ContentView.swift */ = {isa = PBXFileReference; lastKnownFileType = sourcecode.swift; path = ContentView.swift; sourceTree = "<group>"; };
		1D786B7224652D53005B924B /* Assets.xcassets */ = {isa = PBXFileReference; lastKnownFileType = folder.assetcatalog; path = Assets.xcassets; sourceTree = "<group>"; };
		1D786B7524652D53005B924B /* Preview Assets.xcassets */ = {isa = PBXFileReference; lastKnownFileType = folder.assetcatalog; path = "Preview Assets.xcassets"; sourceTree = "<group>"; };
		1D786B7824652D53005B924B /* Base */ = {isa = PBXFileReference; lastKnownFileType = file.storyboard; name = Base; path = Base.lproj/LaunchScreen.storyboard; sourceTree = "<group>"; };
		1D786B7A24652D53005B924B /* Info.plist */ = {isa = PBXFileReference; lastKnownFileType = text.plist.xml; path = Info.plist; sourceTree = "<group>"; };
		1D786B8024652D72005B924B /* UserDrivenNavigation.swift */ = {isa = PBXFileReference; lastKnownFileType = sourcecode.swift; path = UserDrivenNavigation.swift; sourceTree = "<group>"; };
		1D786B8224652DAF005B924B /* Item.swift */ = {isa = PBXFileReference; lastKnownFileType = sourcecode.swift; path = Item.swift; sourceTree = "<group>"; };
		1D786B8424652DEC005B924B /* DetailView.swift */ = {isa = PBXFileReference; lastKnownFileType = sourcecode.swift; path = DetailView.swift; sourceTree = "<group>"; };
		1D786B8624652E8A005B924B /* ProgrammaticNavigation.swift */ = {isa = PBXFileReference; lastKnownFileType = sourcecode.swift; path = ProgrammaticNavigation.swift; sourceTree = "<group>"; };
		1D786B8824652EF1005B924B /* NoSelectionView.swift */ = {isa = PBXFileReference; lastKnownFileType = sourcecode.swift; path = NoSelectionView.swift; sourceTree = "<group>"; };
/* End PBXFileReference section */

/* Begin PBXFrameworksBuildPhase section */
		1D786B6624652D51005B924B /* Frameworks */ = {
			isa = PBXFrameworksBuildPhase;
			buildActionMask = 2147483647;
			files = (
			);
			runOnlyForDeploymentPostprocessing = 0;
		};
/* End PBXFrameworksBuildPhase section */

/* Begin PBXGroup section */
		1D786B6024652D51005B924B = {
			isa = PBXGroup;
			children = (
				1D786B6B24652D51005B924B /* NavigationInListView */,
				1D786B6A24652D51005B924B /* Products */,
			);
			sourceTree = "<group>";
		};
		1D786B6A24652D51005B924B /* Products */ = {
			isa = PBXGroup;
			children = (
				1D786B6924652D51005B924B /* NavigationInListView.app */,
			);
			name = Products;
			sourceTree = "<group>";
		};
		1D786B6B24652D51005B924B /* NavigationInListView */ = {
			isa = PBXGroup;
			children = (
				1D786B6C24652D51005B924B /* AppDelegate.swift */,
				1D786B6E24652D51005B924B /* SceneDelegate.swift */,
				1D786B7024652D51005B924B /* ContentView.swift */,
				1D786B7224652D53005B924B /* Assets.xcassets */,
				1D786B7724652D53005B924B /* LaunchScreen.storyboard */,
				1D786B7A24652D53005B924B /* Info.plist */,
				1D786B7424652D53005B924B /* Preview Content */,
				1D786B8024652D72005B924B /* UserDrivenNavigation.swift */,
				1D786B8224652DAF005B924B /* Item.swift */,
				1D786B8424652DEC005B924B /* DetailView.swift */,
				1D786B8624652E8A005B924B /* ProgrammaticNavigation.swift */,
				1D786B8824652EF1005B924B /* NoSelectionView.swift */,
			);
			path = NavigationInListView;
			sourceTree = "<group>";
		};
		1D786B7424652D53005B924B /* Preview Content */ = {
			isa = PBXGroup;
			children = (
				1D786B7524652D53005B924B /* Preview Assets.xcassets */,
			);
			path = "Preview Content";
			sourceTree = "<group>";
		};
/* End PBXGroup section */

/* Begin PBXNativeTarget section */
		1D786B6824652D51005B924B /* NavigationInListView */ = {
			isa = PBXNativeTarget;
			buildConfigurationList = 1D786B7D24652D53005B924B /* Build configuration list for PBXNativeTarget "NavigationInListView" */;
			buildPhases = (
				1D786B6524652D51005B924B /* Sources */,
				1D786B6624652D51005B924B /* Frameworks */,
				1D786B6724652D51005B924B /* Resources */,
			);
			buildRules = (
			);
			dependencies = (
			);
			name = NavigationInListView;
			productName = NavigationInListView;
			productReference = 1D786B6924652D51005B924B /* NavigationInListView.app */;
			productType = "com.apple.product-type.application";
		};
/* End PBXNativeTarget section */

/* Begin PBXProject section */
		1D786B6124652D51005B924B /* Project object */ = {
			isa = PBXProject;
			attributes = {
				LastSwiftUpdateCheck = 1140;
				LastUpgradeCheck = 1140;
				ORGANIZATIONNAME = "Ramill Ibragimov";
				TargetAttributes = {
					1D786B6824652D51005B924B = {
						CreatedOnToolsVersion = 11.4.1;
					};
				};
			};
			buildConfigurationList = 1D786B6424652D51005B924B /* Build configuration list for PBXProject "NavigationInListView" */;
			compatibilityVersion = "Xcode 9.3";
			developmentRegion = en;
			hasScannedForEncodings = 0;
			knownRegions = (
				en,
				Base,
			);
			mainGroup = 1D786B6024652D51005B924B;
			productRefGroup = 1D786B6A24652D51005B924B /* Products */;
			projectDirPath = "";
			projectRoot = "";
			targets = (
				1D786B6824652D51005B924B /* NavigationInListView */,
			);
		};
/* End PBXProject section */

/* Begin PBXResourcesBuildPhase section */
		1D786B6724652D51005B924B /* Resources */ = {
			isa = PBXResourcesBuildPhase;
			buildActionMask = 2147483647;
			files = (
				1D786B7924652D53005B924B /* LaunchScreen.storyboard in Resources */,
				1D786B7624652D53005B924B /* Preview Assets.xcassets in Resources */,
				1D786B7324652D53005B924B /* Assets.xcassets in Resources */,
			);
			runOnlyForDeploymentPostprocessing = 0;
		};
/* End PBXResourcesBuildPhase section */

/* Begin PBXSourcesBuildPhase section */
		1D786B6524652D51005B924B /* Sources */ = {
			isa = PBXSourcesBuildPhase;
			buildActionMask = 2147483647;
			files = (
				1D786B8324652DB0005B924B /* Item.swift in Sources */,
				1D786B8724652E8A005B924B /* ProgrammaticNavigation.swift in Sources */,
				1D786B8524652DEC005B924B /* DetailView.swift in Sources */,
				1D786B8124652D72005B924B /* UserDrivenNavigation.swift in Sources */,
				1D786B6D24652D51005B924B /* AppDelegate.swift in Sources */,
				1D786B6F24652D51005B924B /* SceneDelegate.swift in Sources */,
				1D786B8924652EF1005B924B /* NoSelectionView.swift in Sources */,
				1D786B7124652D51005B924B /* ContentView.swift in Sources */,
			);
			runOnlyForDeploymentPostprocessing = 0;
		};
/* End PBXSourcesBuildPhase section */

/* Begin PBXVariantGroup section */
		1D786B7724652D53005B924B /* LaunchScreen.storyboard */ = {
			isa = PBXVariantGroup;
			children = (
				1D786B7824652D53005B924B /* Base */,
			);
			name = LaunchScreen.storyboard;
			sourceTree = "<group>";
		};
/* End PBXVariantGroup section */

/* Begin XCBuildConfiguration section */
		1D786B7B24652D53005B924B /* Debug */ = {
			isa = XCBuildConfiguration;
			buildSettings = {
				ALWAYS_SEARCH_USER_PATHS = NO;
				CLANG_ANALYZER_NONNULL = YES;
				CLANG_ANALYZER_NUMBER_OBJECT_CONVERSION = YES_AGGRESSIVE;
				CLANG_CXX_LANGUAGE_STANDARD = "gnu++14";
				CLANG_CXX_LIBRARY = "libc++";
				CLANG_ENABLE_MODULES = YES;
				CLANG_ENABLE_OBJC_ARC = YES;
				CLANG_ENABLE_OBJC_WEAK = YES;
				CLANG_WARN_BLOCK_CAPTURE_AUTORELEASING = YES;
				CLANG_WARN_BOOL_CONVERSION = YES;
				CLANG_WARN_COMMA = YES;
				CLANG_WARN_CONSTANT_CONVERSION = YES;
				CLANG_WARN_DEPRECATED_OBJC_IMPLEMENTATIONS = YES;
				CLANG_WARN_DIRECT_OBJC_ISA_USAGE = YES_ERROR;
				CLANG_WARN_DOCUMENTATION_COMMENTS = YES;
				CLANG_WARN_EMPTY_BODY = YES;
				CLANG_WARN_ENUM_CONVERSION = YES;
				CLANG_WARN_INFINITE_RECURSION = YES;
				CLANG_WARN_INT_CONVERSION = YES;
				CLANG_WARN_NON_LITERAL_NULL_CONVERSION = YES;
				CLANG_WARN_OBJC_IMPLICIT_RETAIN_SELF = YES;
				CLANG_WARN_OBJC_LITERAL_CONVERSION = YES;
				CLANG_WARN_OBJC_ROOT_CLASS = YES_ERROR;
				CLANG_WARN_RANGE_LOOP_ANALYSIS = YES;
				CLANG_WARN_STRICT_PROTOTYPES = YES;
				CLANG_WARN_SUSPICIOUS_MOVE = YES;
				CLANG_WARN_UNGUARDED_AVAILABILITY = YES_AGGRESSIVE;
				CLANG_WARN_UNREACHABLE_CODE = YES;
				CLANG_WARN__DUPLICATE_METHOD_MATCH = YES;
				COPY_PHASE_STRIP = NO;
				DEBUG_INFORMATION_FORMAT = dwarf;
				ENABLE_STRICT_OBJC_MSGSEND = YES;
				ENABLE_TESTABILITY = YES;
				GCC_C_LANGUAGE_STANDARD = gnu11;
				GCC_DYNAMIC_NO_PIC = NO;
				GCC_NO_COMMON_BLOCKS = YES;
				GCC_OPTIMIZATION_LEVEL = 0;
				GCC_PREPROCESSOR_DEFINITIONS = (
					"DEBUG=1",
					"$(inherited)",
				);
				GCC_WARN_64_TO_32_BIT_CONVERSION = YES;
				GCC_WARN_ABOUT_RETURN_TYPE = YES_ERROR;
				GCC_WARN_UNDECLARED_SELECTOR = YES;
				GCC_WARN_UNINITIALIZED_AUTOS = YES_AGGRESSIVE;
				GCC_WARN_UNUSED_FUNCTION = YES;
				GCC_WARN_UNUSED_VARIABLE = YES;
				IPHONEOS_DEPLOYMENT_TARGET = 13.4;
				MTL_ENABLE_DEBUG_INFO = INCLUDE_SOURCE;
				MTL_FAST_MATH = YES;
				ONLY_ACTIVE_ARCH = YES;
				SDKROOT = iphoneos;
				SWIFT_ACTIVE_COMPILATION_CONDITIONS = DEBUG;
				SWIFT_OPTIMIZATION_LEVEL = "-Onone";
			};
			name = Debug;
		};
		1D786B7C24652D53005B924B /* Release */ = {
			isa = XCBuildConfiguration;
			buildSettings = {
				ALWAYS_SEARCH_USER_PATHS = NO;
				CLANG_ANALYZER_NONNULL = YES;
				CLANG_ANALYZER_NUMBER_OBJECT_CONVERSION = YES_AGGRESSIVE;
				CLANG_CXX_LANGUAGE_STANDARD = "gnu++14";
				CLANG_CXX_LIBRARY = "libc++";
				CLANG_ENABLE_MODULES = YES;
				CLANG_ENABLE_OBJC_ARC = YES;
				CLANG_ENABLE_OBJC_WEAK = YES;
				CLANG_WARN_BLOCK_CAPTURE_AUTORELEASING = YES;
				CLANG_WARN_BOOL_CONVERSION = YES;
				CLANG_WARN_COMMA = YES;
				CLANG_WARN_CONSTANT_CONVERSION = YES;
				CLANG_WARN_DEPRECATED_OBJC_IMPLEMENTATIONS = YES;
				CLANG_WARN_DIRECT_OBJC_ISA_USAGE = YES_ERROR;
				CLANG_WARN_DOCUMENTATION_COMMENTS = YES;
				CLANG_WARN_EMPTY_BODY = YES;
				CLANG_WARN_ENUM_CONVERSION = YES;
				CLANG_WARN_INFINITE_RECURSION = YES;
				CLANG_WARN_INT_CONVERSION = YES;
				CLANG_WARN_NON_LITERAL_NULL_CONVERSION = YES;
				CLANG_WARN_OBJC_IMPLICIT_RETAIN_SELF = YES;
				CLANG_WARN_OBJC_LITERAL_CONVERSION = YES;
				CLANG_WARN_OBJC_ROOT_CLASS = YES_ERROR;
				CLANG_WARN_RANGE_LOOP_ANALYSIS = YES;
				CLANG_WARN_STRICT_PROTOTYPES = YES;
				CLANG_WARN_SUSPICIOUS_MOVE = YES;
				CLANG_WARN_UNGUARDED_AVAILABILITY = YES_AGGRESSIVE;
				CLANG_WARN_UNREACHABLE_CODE = YES;
				CLANG_WARN__DUPLICATE_METHOD_MATCH = YES;
				COPY_PHASE_STRIP = NO;
				DEBUG_INFORMATION_FORMAT = "dwarf-with-dsym";
				ENABLE_NS_ASSERTIONS = NO;
				ENABLE_STRICT_OBJC_MSGSEND = YES;
				GCC_C_LANGUAGE_STANDARD = gnu11;
				GCC_NO_COMMON_BLOCKS = YES;
				GCC_WARN_64_TO_32_BIT_CONVERSION = YES;
				GCC_WARN_ABOUT_RETURN_TYPE = YES_ERROR;
				GCC_WARN_UNDECLARED_SELECTOR = YES;
				GCC_WARN_UNINITIALIZED_AUTOS = YES_AGGRESSIVE;
				GCC_WARN_UNUSED_FUNCTION = YES;
				GCC_WARN_UNUSED_VARIABLE = YES;
				IPHONEOS_DEPLOYMENT_TARGET = 13.4;
				MTL_ENABLE_DEBUG_INFO = NO;
				MTL_FAST_MATH = YES;
				SDKROOT = iphoneos;
				SWIFT_COMPILATION_MODE = wholemodule;
				SWIFT_OPTIMIZATION_LEVEL = "-O";
				VALIDATE_PRODUCT = YES;
			};
			name = Release;
		};
		1D786B7E24652D53005B924B /* Debug */ = {
			isa = XCBuildConfiguration;
			buildSettings = {
				ASSETCATALOG_COMPILER_APPICON_NAME = AppIcon;
				CODE_SIGN_STYLE = Automatic;
				DEVELOPMENT_ASSET_PATHS = "\"NavigationInListView/Preview Content\"";
				DEVELOPMENT_TEAM = L8W86DZDY2;
				ENABLE_PREVIEWS = YES;
				INFOPLIST_FILE = NavigationInListView/Info.plist;
				LD_RUNPATH_SEARCH_PATHS = (
					"$(inherited)",
					"@executable_path/Frameworks",
				);
				PRODUCT_BUNDLE_IDENTIFIER = com.ri.NavigationInListView;
				PRODUCT_NAME = "$(TARGET_NAME)";
				SWIFT_VERSION = 5.0;
				TARGETED_DEVICE_FAMILY = "1,2";
			};
			name = Debug;
		};
		1D786B7F24652D53005B924B /* Release */ = {
			isa = XCBuildConfiguration;
			buildSettings = {
				ASSETCATALOG_COMPILER_APPICON_NAME = AppIcon;
				CODE_SIGN_STYLE = Automatic;
				DEVELOPMENT_ASSET_PATHS = "\"NavigationInListView/Preview Content\"";
				DEVELOPMENT_TEAM = L8W86DZDY2;
				ENABLE_PREVIEWS = YES;
				INFOPLIST_FILE = NavigationInListView/Info.plist;
				LD_RUNPATH_SEARCH_PATHS = (
					"$(inherited)",
					"@executable_path/Frameworks",
				);
				PRODUCT_BUNDLE_IDENTIFIER = com.ri.NavigationInListView;
				PRODUCT_NAME = "$(TARGET_NAME)";
				SWIFT_VERSION = 5.0;
				TARGETED_DEVICE_FAMILY = "1,2";
			};
			name = Release;
		};
/* End XCBuildConfiguration section */

/* Begin XCConfigurationList section */
		1D786B6424652D51005B924B /* Build configuration list for PBXProject "NavigationInListView" */ = {
			isa = XCConfigurationList;
			buildConfigurations = (
				1D786B7B24652D53005B924B /* Debug */,
				1D786B7C24652D53005B924B /* Release */,
			);
			defaultConfigurationIsVisible = 0;
			defaultConfigurationName = Release;
		};
		1D786B7D24652D53005B924B /* Build configuration list for PBXNativeTarget "NavigationInListView" */ = {
			isa = XCConfigurationList;
			buildConfigurations = (
				1D786B7E24652D53005B924B /* Debug */,
				1D786B7F24652D53005B924B /* Release */,
			);
			defaultConfigurationIsVisible = 0;
			defaultConfigurationName = Release;
		};
/* End XCConfigurationList section */
	};
	rootObject = 1D786B6124652D51005B924B /* Project object */;
}
